
Microsoft Visual Studio Solution File, Format Version 12.00
# Visual Studio 15
VisualStudioVersion = 15.0.27428.2015
MinimumVisualStudioVersion = 10.0.40219.1
Project("{FAE04EC0-301F-11D3-BF4B-00C04F79EFBC}") = "XamarinImgPlugin", "XamarinImgPlugin\XamarinImgPlugin.csproj", "{74EB5C65-32ED-46BB-A2A7-D46113DD1FDA}"
EndProject
Global
	GlobalSection(SolutionConfigurationPlatforms) = preSolution
		Debug|Any CPU = Debug|Any CPU
		Release|Any CPU = Release|Any CPU
	EndGlobalSection
	GlobalSection(ProjectConfigurationPlatforms) = postSolution
		{74EB5C65-32ED-46BB-A2A7-D46113DD1FDA}.Debug|Any CPU.ActiveCfg = Debug|Any CPU
		{74EB5C65-32ED-46BB-A2A7-D46113DD1FDA}.Debug|Any CPU.Build.0 = Debug|Any CPU
		{74EB5C65-32ED-46BB-A2A7-D46113DD1FDA}.Release|Any CPU.ActiveCfg = Release|Any CPU
		{74EB5C65-32ED-46BB-A2A7-D46113DD1FDA}.Release|Any CPU.Build.0 = Release|Any CPU
	EndGlobalSection
	GlobalSection(SolutionProperties) = preSolution
		HideSolutionNode = FALSE
	EndGlobalSection
	GlobalSection(ExtensibilityGlobals) = postSolution
		SolutionGuid = {D9EF1DE8-0AD6-4EE9-BF17-FE58AB1D025B}
	EndGlobalSection
EndGlobal
